// !$*UTF8*$!
{
	archiveVersion = 1;
	classes = {
	};
	objectVersion = 50;
	objects = {

/* Begin PBXBuildFile section */
		23017795221F960C0073EC00 /* AppDelegate.swift in Sources */ = {isa = PBXBuildFile; fileRef = 23017794221F960C0073EC00 /* AppDelegate.swift */; };
		23017797221F960C0073EC00 /* ViewController.swift in Sources */ = {isa = PBXBuildFile; fileRef = 23017796221F960C0073EC00 /* ViewController.swift */; };
		2301779A221F960C0073EC00 /* Main.storyboard in Resources */ = {isa = PBXBuildFile; fileRef = 23017798221F960C0073EC00 /* Main.storyboard */; };
		2301779D221F960C0073EC00 /* SwipeActionsTutorial.xcdatamodeld in Sources */ = {isa = PBXBuildFile; fileRef = 2301779B221F960C0073EC00 /* SwipeActionsTutorial.xcdatamodeld */; };
		2301779F221F960D0073EC00 /* Assets.xcassets in Resources */ = {isa = PBXBuildFile; fileRef = 2301779E221F960D0073EC00 /* Assets.xcassets */; };
		230177A2221F960D0073EC00 /* LaunchScreen.storyboard in Resources */ = {isa = PBXBuildFile; fileRef = 230177A0221F960D0073EC00 /* LaunchScreen.storyboard */; };
/* End PBXBuildFile section */

/* Begin PBXFileReference section */
		23017791221F960C0073EC00 /* SwipeActionsTutorial.app */ = {isa = PBXFileReference; explicitFileType = wrapper.application; includeInIndex = 0; path = SwipeActionsTutorial.app; sourceTree = BUILT_PRODUCTS_DIR; };
		23017794221F960C0073EC00 /* AppDelegate.swift */ = {isa = PBXFileReference; lastKnownFileType = sourcecode.swift; path = AppDelegate.swift; sourceTree = "<group>"; };
		23017796221F960C0073EC00 /* ViewController.swift */ = {isa = PBXFileReference; lastKnownFileType = sourcecode.swift; path = ViewController.swift; sourceTree = "<group>"; };
		23017799221F960C0073EC00 /* Base */ = {isa = PBXFileReference; lastKnownFileType = file.storyboard; name = Base; path = Base.lproj/Main.storyboard; sourceTree = "<group>"; };
		2301779C221F960C0073EC00 /* SwipeActionsTutorial.xcdatamodel */ = {isa = PBXFileReference; lastKnownFileType = wrapper.xcdatamodel; path = SwipeActionsTutorial.xcdatamodel; sourceTree = "<group>"; };
		2301779E221F960D0073EC00 /* Assets.xcassets */ = {isa = PBXFileReference; lastKnownFileType = folder.assetcatalog; path = Assets.xcassets; sourceTree = "<group>"; };
		230177A1221F960D0073EC00 /* Base */ = {isa = PBXFileReference; lastKnownFileType = file.storyboard; name = Base; path = Base.lproj/LaunchScreen.storyboard; sourceTree = "<group>"; };
		230177A3221F960D0073EC00 /* Info.plist */ = {isa = PBXFileReference; lastKnownFileType = text.plist.xml; path = Info.plist; sourceTree = "<group>"; };
/* End PBXFileReference section */

/* Begin PBXFrameworksBuildPhase section */
		2301778E221F960C0073EC00 /* Frameworks */ = {
			isa = PBXFrameworksBuildPhase;
			buildActionMask = 2147483647;
			files = (
			);
			runOnlyForDeploymentPostprocessing = 0;
		};
/* End PBXFrameworksBuildPhase section */

/* Begin PBXGroup section */
		23017788221F960C0073EC00 = {
			isa = PBXGroup;
			children = (
				23017793221F960C0073EC00 /* SwipeActionsTutorial */,
				23017792221F960C0073EC00 /* Products */,
			);
			sourceTree = "<group>";
		};
		23017792221F960C0073EC00 /* Products */ = {
			isa = PBXGroup;
			children = (
				23017791221F960C0073EC00 /* SwipeActionsTutorial.app */,
			);
			name = Products;
			sourceTree = "<group>";
		};
		23017793221F960C0073EC00 /* SwipeActionsTutorial */ = {
			isa = PBXGroup;
			children = (
				23017794221F960C0073EC00 /* AppDelegate.swift */,
				23017796221F960C0073EC00 /* ViewController.swift */,
				23017798221F960C0073EC00 /* Main.storyboard */,
				2301779E221F960D0073EC00 /* Assets.xcassets */,
				230177A0221F960D0073EC00 /* LaunchScreen.storyboard */,
				230177A3221F960D0073EC00 /* Info.plist */,
				2301779B221F960C0073EC00 /* SwipeActionsTutorial.xcdatamodeld */,
			);
			path = SwipeActionsTutorial;
			sourceTree = "<group>";
		};
/* End PBXGroup section */

/* Begin PBXNativeTarget section */
		23017790221F960C0073EC00 /* SwipeActionsTutorial */ = {
			isa = PBXNativeTarget;
			buildConfigurationList = 230177A6221F960D0073EC00 /* Build configuration list for PBXNativeTarget "SwipeActionsTutorial" */;
			buildPhases = (
				2301778D221F960C0073EC00 /* Sources */,
				2301778E221F960C0073EC00 /* Frameworks */,
				2301778F221F960C0073EC00 /* Resources */,
			);
			buildRules = (
			);
			dependencies = (
			);
			name = SwipeActionsTutorial;
			productName = SwipeActionsTutorial;
			productReference = 23017791221F960C0073EC00 /* SwipeActionsTutorial.app */;
			productType = "com.apple.product-type.application";
		};
/* End PBXNativeTarget section */

/* Begin PBXProject section */
		23017789221F960C0073EC00 /* Project object */ = {
			isa = PBXProject;
			attributes = {
				LastSwiftUpdateCheck = 1010;
				LastUpgradeCheck = 1010;
				ORGANIZATIONNAME = "Stephan Dowless";
				TargetAttributes = {
					23017790221F960C0073EC00 = {
						CreatedOnToolsVersion = 10.1;
					};
				};
			};
			buildConfigurationList = 2301778C221F960C0073EC00 /* Build configuration list for PBXProject "SwipeActionsTutorial" */;
			compatibilityVersion = "Xcode 9.3";
			developmentRegion = en;
			hasScannedForEncodings = 0;
			knownRegions = (
				en,
				Base,
			);
			mainGroup = 23017788221F960C0073EC00;
			productRefGroup = 23017792221F960C0073EC00 /* Products */;
			projectDirPath = "";
			projectRoot = "";
			targets = (
				23017790221F960C0073EC00 /* SwipeActionsTutorial */,
			);
		};
/* End PBXProject section */

/* Begin PBXResourcesBuildPhase section */
		2301778F221F960C0073EC00 /* Resources */ = {
			isa = PBXResourcesBuildPhase;
			buildActionMask = 2147483647;
			files = (
				230177A2221F960D0073EC00 /* LaunchScreen.storyboard in Resources */,
				2301779F221F960D0073EC00 /* Assets.xcassets in Resources */,
				2301779A221F960C0073EC00 /* Main.storyboard in Resources */,
			);
			runOnlyForDeploymentPostprocessing = 0;
		};
/* End PBXResourcesBuildPhase section */

/* Begin PBXSourcesBuildPhase section */
		2301778D221F960C0073EC00 /* Sources */ = {
			isa = PBXSourcesBuildPhase;
			buildActionMask = 2147483647;
			files = (
				23017797221F960C0073EC00 /* ViewController.swift in Sources */,
				2301779D221F960C0073EC00 /* SwipeActionsTutorial.xcdatamodeld in Sources */,
				23017795221F960C0073EC00 /* AppDelegate.swift in Sources */,
			);
			runOnlyForDeploymentPostprocessing = 0;
		};
/* End PBXSourcesBuildPhase section */

/* Begin PBXVariantGroup section */
		23017798221F960C0073EC00 /* Main.storyboard */ = {
			isa = PBXVariantGroup;
			children = (
				23017799221F960C0073EC00 /* Base */,
			);
			name = Main.storyboard;
			sourceTree = "<group>";
		};
		230177A0221F960D0073EC00 /* LaunchScreen.storyboard */ = {
			isa = PBXVariantGroup;
			children = (
				230177A1221F960D0073EC00 /* Base */,
			);
			name = LaunchScreen.storyboard;
			sourceTree = "<group>";
		};
/* End PBXVariantGroup section */

/* Begin XCBuildConfiguration section */
		230177A4221F960D0073EC00 /* Debug */ = {
			isa = XCBuildConfiguration;
			buildSettings = {
				ALWAYS_SEARCH_USER_PATHS = NO;
				CLANG_ANALYZER_NONNULL = YES;
				CLANG_ANALYZER_NUMBER_OBJECT_CONVERSION = YES_AGGRESSIVE;
				CLANG_CXX_LANGUAGE_STANDARD = "gnu++14";
				CLANG_CXX_LIBRARY = "libc++";
				CLANG_ENABLE_MODULES = YES;
				CLANG_ENABLE_OBJC_ARC = YES;
				CLANG_ENABLE_OBJC_WEAK = YES;
				CLANG_WARN_BLOCK_CAPTURE_AUTORELEASING = YES;
				CLANG_WARN_BOOL_CONVERSION = YES;
				CLANG_WARN_COMMA = YES;
				CLANG_WARN_CONSTANT_CONVERSION = YES;
				CLANG_WARN_DEPRECATED_OBJC_IMPLEMENTATIONS = YES;
				CLANG_WARN_DIRECT_OBJC_ISA_USAGE = YES_ERROR;
				CLANG_WARN_DOCUMENTATION_COMMENTS = YES;
				CLANG_WARN_EMPTY_BODY = YES;
				CLANG_WARN_ENUM_CONVERSION = YES;
				CLANG_WARN_INFINITE_RECURSION = YES;
				CLANG_WARN_INT_CONVERSION = YES;
				CLANG_WARN_NON_LITERAL_NULL_CONVERSION = YES;
				CLANG_WARN_OBJC_IMPLICIT_RETAIN_SELF = YES;
				CLANG_WARN_OBJC_LITERAL_CONVERSION = YES;
				CLANG_WARN_OBJC_ROOT_CLASS = YES_ERROR;
				CLANG_WARN_RANGE_LOOP_ANALYSIS = YES;
				CLANG_WARN_STRICT_PROTOTYPES = YES;
				CLANG_WARN_SUSPICIOUS_MOVE = YES;
				CLANG_WARN_UNGUARDED_AVAILABILITY = YES_AGGRESSIVE;
				CLANG_WARN_UNREACHABLE_CODE = YES;
				CLANG_WARN__DUPLICATE_METHOD_MATCH = YES;
				CODE_SIGN_IDENTITY = "iPhone Developer";
				COPY_PHASE_STRIP = NO;
				DEBUG_INFORMATION_FORMAT = dwarf;
				ENABLE_STRICT_OBJC_MSGSEND = YES;
				ENABLE_TESTABILITY = YES;
				GCC_C_LANGUAGE_STANDARD = gnu11;
				GCC_DYNAMIC_NO_PIC = NO;
				GCC_NO_COMMON_BLOCKS = YES;
				GCC_OPTIMIZATION_LEVEL = 0;
				GCC_PREPROCESSOR_DEFINITIONS = (
					"DEBUG=1",
					"$(inherited)",
				);
				GCC_WARN_64_TO_32_BIT_CONVERSION = YES;
				GCC_WARN_ABOUT_RETURN_TYPE = YES_ERROR;
				GCC_WARN_UNDECLARED_SELECTOR = YES;
				GCC_WARN_UNINITIALIZED_AUTOS = YES_AGGRESSIVE;
				GCC_WARN_UNUSED_FUNCTION = YES;
				GCC_WARN_UNUSED_VARIABLE = YES;
				IPHONEOS_DEPLOYMENT_TARGET = 12.1;
				MTL_ENABLE_DEBUG_INFO = INCLUDE_SOURCE;
				MTL_FAST_MATH = YES;
				ONLY_ACTIVE_ARCH = YES;
				SDKROOT = iphoneos;
				SWIFT_ACTIVE_COMPILATION_CONDITIONS = DEBUG;
				SWIFT_OPTIMIZATION_LEVEL = "-Onone";
			};
			name = Debug;
		};
		230177A5221F960D0073EC00 /* Release */ = {
			isa = XCBuildConfiguration;
			buildSettings = {
				ALWAYS_SEARCH_USER_PATHS = NO;
				CLANG_ANALYZER_NONNULL = YES;
				CLANG_ANALYZER_NUMBER_OBJECT_CONVERSION = YES_AGGRESSIVE;
				CLANG_CXX_LANGUAGE_STANDARD = "gnu++14";
				CLANG_CXX_LIBRARY = "libc++";
				CLANG_ENABLE_MODULES = YES;
				CLANG_ENABLE_OBJC_ARC = YES;
				CLANG_ENABLE_OBJC_WEAK = YES;
				CLANG_WARN_BLOCK_CAPTURE_AUTORELEASING = YES;
				CLANG_WARN_BOOL_CONVERSION = YES;
				CLANG_WARN_COMMA = YES;
				CLANG_WARN_CONSTANT_CONVERSION = YES;
				CLANG_WARN_DEPRECATED_OBJC_IMPLEMENTATIONS = YES;
				CLANG_WARN_DIRECT_OBJC_ISA_USAGE = YES_ERROR;
				CLANG_WARN_DOCUMENTATION_COMMENTS = YES;
				CLANG_WARN_EMPTY_BODY = YES;
				CLANG_WARN_ENUM_CONVERSION = YES;
				CLANG_WARN_INFINITE_RECURSION = YES;
				CLANG_WARN_INT_CONVERSION = YES;
				CLANG_WARN_NON_LITERAL_NULL_CONVERSION = YES;
				CLANG_WARN_OBJC_IMPLICIT_RETAIN_SELF = YES;
				CLANG_WARN_OBJC_LITERAL_CONVERSION = YES;
				CLANG_WARN_OBJC_ROOT_CLASS = YES_ERROR;
				CLANG_WARN_RANGE_LOOP_ANALYSIS = YES;
				CLANG_WARN_STRICT_PROTOTYPES = YES;
				CLANG_WARN_SUSPICIOUS_MOVE = YES;
				CLANG_WARN_UNGUARDED_AVAILABILITY = YES_AGGRESSIVE;
				CLANG_WARN_UNREACHABLE_CODE = YES;
				CLANG_WARN__DUPLICATE_METHOD_MATCH = YES;
				CODE_SIGN_IDENTITY = "iPhone Developer";
				COPY_PHASE_STRIP = NO;
				DEBUG_INFORMATION_FORMAT = "dwarf-with-dsym";
				ENABLE_NS_ASSERTIONS = NO;
				ENABLE_STRICT_OBJC_MSGSEND = YES;
				GCC_C_LANGUAGE_STANDARD = gnu11;
				GCC_NO_COMMON_BLOCKS = YES;
				GCC_WARN_64_TO_32_BIT_CONVERSION = YES;
				GCC_WARN_ABOUT_RETURN_TYPE = YES_ERROR;
				GCC_WARN_UNDECLARED_SELECTOR = YES;
				GCC_WARN_UNINITIALIZED_AUTOS = YES_AGGRESSIVE;
				GCC_WARN_UNUSED_FUNCTION = YES;
				GCC_WARN_UNUSED_VARIABLE = YES;
				IPHONEOS_DEPLOYMENT_TARGET = 12.1;
				MTL_ENABLE_DEBUG_INFO = NO;
				MTL_FAST_MATH = YES;
				SDKROOT = iphoneos;
				SWIFT_COMPILATION_MODE = wholemodule;
				SWIFT_OPTIMIZATION_LEVEL = "-O";
				VALIDATE_PRODUCT = YES;
			};
			name = Release;
		};
		230177A7221F960D0073EC00 /* Debug */ = {
			isa = XCBuildConfiguration;
			buildSettings = {
				ASSETCATALOG_COMPILER_APPICON_NAME = AppIcon;
				CODE_SIGN_STYLE = Automatic;
				INFOPLIST_FILE = SwipeActionsTutorial/Info.plist;
				LD_RUNPATH_SEARCH_PATHS = (
					"$(inherited)",
					"@executable_path/Frameworks",
				);
				PRODUCT_BUNDLE_IDENTIFIER = com.stephandowless.SwipeActionsTutorial;
				PRODUCT_NAME = "$(TARGET_NAME)";
				SWIFT_VERSION = 4.2;
				TARGETED_DEVICE_FAMILY = "1,2";
			};
			name = Debug;
		};
		230177A8221F960D0073EC00 /* Release */ = {
			isa = XCBuildConfiguration;
			buildSettings = {
				ASSETCATALOG_COMPILER_APPICON_NAME = AppIcon;
				CODE_SIGN_STYLE = Automatic;
				INFOPLIST_FILE = SwipeActionsTutorial/Info.plist;
				LD_RUNPATH_SEARCH_PATHS = (
					"$(inherited)",
					"@executable_path/Frameworks",
				);
				PRODUCT_BUNDLE_IDENTIFIER = com.stephandowless.SwipeActionsTutorial;
				PRODUCT_NAME = "$(TARGET_NAME)";
				SWIFT_VERSION = 4.2;
				TARGETED_DEVICE_FAMILY = "1,2";
			};
			name = Release;
		};
/* End XCBuildConfiguration section */

/* Begin XCConfigurationList section */
		2301778C221F960C0073EC00 /* Build configuration list for PBXProject "SwipeActionsTutorial" */ = {
			isa = XCConfigurationList;
			buildConfigurations = (
				230177A4221F960D0073EC00 /* Debug */,
				230177A5221F960D0073EC00 /* Release */,
			);
			defaultConfigurationIsVisible = 0;
			defaultConfigurationName = Release;
		};
		230177A6221F960D0073EC00 /* Build configuration list for PBXNativeTarget "SwipeActionsTutorial" */ = {
			isa = XCConfigurationList;
			buildConfigurations = (
				230177A7221F960D0073EC00 /* Debug */,
				230177A8221F960D0073EC00 /* Release */,
			);
			defaultConfigurationIsVisible = 0;
			defaultConfigurationName = Release;
		};
/* End XCConfigurationList section */

/* Begin XCVersionGroup section */
		2301779B221F960C0073EC00 /* SwipeActionsTutorial.xcdatamodeld */ = {
			isa = XCVersionGroup;
			children = (
				2301779C221F960C0073EC00 /* SwipeActionsTutorial.xcdatamodel */,
			);
			currentVersion = 2301779C221F960C0073EC00 /* SwipeActionsTutorial.xcdatamodel */;
			path = SwipeActionsTutorial.xcdatamodeld;
			sourceTree = "<group>";
			versionGroupType = wrapper.xcdatamodel;
		};
/* End XCVersionGroup section */
	};
	rootObject = 23017789221F960C0073EC00 /* Project object */;
}
